// !$*UTF8*$!
{
	archiveVersion = 1;
	classes = {
	};
	objectVersion = 56;
	objects = {

/* Begin PBXBuildFile section */
		75BF41E22B8E12B30016EAAC /* AppDelegate.swift in Sources */ = {isa = PBXBuildFile; fileRef = 75BF41E12B8E12B30016EAAC /* AppDelegate.swift */; };
		75BF41E42B8E12B30016EAAC /* SceneDelegate.swift in Sources */ = {isa = PBXBuildFile; fileRef = 75BF41E32B8E12B30016EAAC /* SceneDelegate.swift */; };
		75BF41E62B8E12B30016EAAC /* ViewController.swift in Sources */ = {isa = PBXBuildFile; fileRef = 75BF41E52B8E12B30016EAAC /* ViewController.swift */; };
		75BF41EB2B8E12B50016EAAC /* Assets.xcassets in Resources */ = {isa = PBXBuildFile; fileRef = 75BF41EA2B8E12B50016EAAC /* Assets.xcassets */; };
		75BF41EE2B8E12B50016EAAC /* LaunchScreen.storyboard in Resources */ = {isa = PBXBuildFile; fileRef = 75BF41EC2B8E12B50016EAAC /* LaunchScreen.storyboard */; };
		75BF41F72B8E137D0016EAAC /* ViewControllerTwo.swift in Sources */ = {isa = PBXBuildFile; fileRef = 75BF41F52B8E137D0016EAAC /* ViewControllerTwo.swift */; };
		75BF41F82B8E137D0016EAAC /* ViewControllerTwo.xib in Resources */ = {isa = PBXBuildFile; fileRef = 75BF41F62B8E137D0016EAAC /* ViewControllerTwo.xib */; };
		75BF41FB2B8E13890016EAAC /* ViewControllerThree.swift in Sources */ = {isa = PBXBuildFile; fileRef = 75BF41F92B8E13890016EAAC /* ViewControllerThree.swift */; };
		75BF41FC2B8E13890016EAAC /* ViewControllerThree.xib in Resources */ = {isa = PBXBuildFile; fileRef = 75BF41FA2B8E13890016EAAC /* ViewControllerThree.xib */; };
		75BF41FF2B8E13A60016EAAC /* TabBarController.swift in Sources */ = {isa = PBXBuildFile; fileRef = 75BF41FD2B8E13A60016EAAC /* TabBarController.swift */; };
		75BF42002B8E13A60016EAAC /* TabBarController.xib in Resources */ = {isa = PBXBuildFile; fileRef = 75BF41FE2B8E13A60016EAAC /* TabBarController.xib */; };
/* End PBXBuildFile section */

/* Begin PBXFileReference section */
		75BF41DE2B8E12B30016EAAC /* TabBaeTest.app */ = {isa = PBXFileReference; explicitFileType = wrapper.application; includeInIndex = 0; path = TabBaeTest.app; sourceTree = BUILT_PRODUCTS_DIR; };
		75BF41E12B8E12B30016EAAC /* AppDelegate.swift */ = {isa = PBXFileReference; lastKnownFileType = sourcecode.swift; path = AppDelegate.swift; sourceTree = "<group>"; };
		75BF41E32B8E12B30016EAAC /* SceneDelegate.swift */ = {isa = PBXFileReference; lastKnownFileType = sourcecode.swift; path = SceneDelegate.swift; sourceTree = "<group>"; };
		75BF41E52B8E12B30016EAAC /* ViewController.swift */ = {isa = PBXFileReference; lastKnownFileType = sourcecode.swift; path = ViewController.swift; sourceTree = "<group>"; };
		75BF41EA2B8E12B50016EAAC /* Assets.xcassets */ = {isa = PBXFileReference; lastKnownFileType = folder.assetcatalog; path = Assets.xcassets; sourceTree = "<group>"; };
		75BF41ED2B8E12B50016EAAC /* Base */ = {isa = PBXFileReference; lastKnownFileType = file.storyboard; name = Base; path = Base.lproj/LaunchScreen.storyboard; sourceTree = "<group>"; };
		75BF41EF2B8E12B50016EAAC /* Info.plist */ = {isa = PBXFileReference; lastKnownFileType = text.plist.xml; path = Info.plist; sourceTree = "<group>"; };
		75BF41F52B8E137D0016EAAC /* ViewControllerTwo.swift */ = {isa = PBXFileReference; lastKnownFileType = sourcecode.swift; path = ViewControllerTwo.swift; sourceTree = "<group>"; };
		75BF41F62B8E137D0016EAAC /* ViewControllerTwo.xib */ = {isa = PBXFileReference; lastKnownFileType = file.xib; path = ViewControllerTwo.xib; sourceTree = "<group>"; };
		75BF41F92B8E13890016EAAC /* ViewControllerThree.swift */ = {isa = PBXFileReference; lastKnownFileType = sourcecode.swift; path = ViewControllerThree.swift; sourceTree = "<group>"; };
		75BF41FA2B8E13890016EAAC /* ViewControllerThree.xib */ = {isa = PBXFileReference; lastKnownFileType = file.xib; path = ViewControllerThree.xib; sourceTree = "<group>"; };
		75BF41FD2B8E13A60016EAAC /* TabBarController.swift */ = {isa = PBXFileReference; lastKnownFileType = sourcecode.swift; path = TabBarController.swift; sourceTree = "<group>"; };
		75BF41FE2B8E13A60016EAAC /* TabBarController.xib */ = {isa = PBXFileReference; lastKnownFileType = file.xib; path = TabBarController.xib; sourceTree = "<group>"; };
/* End PBXFileReference section */

/* Begin PBXFrameworksBuildPhase section */
		75BF41DB2B8E12B30016EAAC /* Frameworks */ = {
			isa = PBXFrameworksBuildPhase;
			buildActionMask = 2147483647;
			files = (
			);
			runOnlyForDeploymentPostprocessing = 0;
		};
/* End PBXFrameworksBuildPhase section */

/* Begin PBXGroup section */
		75BF41D52B8E12B30016EAAC = {
			isa = PBXGroup;
			children = (
				75BF41E02B8E12B30016EAAC /* TabBaeTest */,
				75BF41DF2B8E12B30016EAAC /* Products */,
			);
			sourceTree = "<group>";
		};
		75BF41DF2B8E12B30016EAAC /* Products */ = {
			isa = PBXGroup;
			children = (
				75BF41DE2B8E12B30016EAAC /* TabBaeTest.app */,
			);
			name = Products;
			sourceTree = "<group>";
		};
		75BF41E02B8E12B30016EAAC /* TabBaeTest */ = {
			isa = PBXGroup;
			children = (
				75BF41E12B8E12B30016EAAC /* AppDelegate.swift */,
				75BF41E32B8E12B30016EAAC /* SceneDelegate.swift */,
				75BF41E52B8E12B30016EAAC /* ViewController.swift */,
				75BF41EA2B8E12B50016EAAC /* Assets.xcassets */,
				75BF41EC2B8E12B50016EAAC /* LaunchScreen.storyboard */,
				75BF41EF2B8E12B50016EAAC /* Info.plist */,
				75BF41F52B8E137D0016EAAC /* ViewControllerTwo.swift */,
				75BF41F62B8E137D0016EAAC /* ViewControllerTwo.xib */,
				75BF41F92B8E13890016EAAC /* ViewControllerThree.swift */,
				75BF41FA2B8E13890016EAAC /* ViewControllerThree.xib */,
				75BF41FD2B8E13A60016EAAC /* TabBarController.swift */,
				75BF41FE2B8E13A60016EAAC /* TabBarController.xib */,
			);
			path = TabBaeTest;
			sourceTree = "<group>";
		};
/* End PBXGroup section */

/* Begin PBXNativeTarget section */
		75BF41DD2B8E12B30016EAAC /* TabBaeTest */ = {
			isa = PBXNativeTarget;
			buildConfigurationList = 75BF41F22B8E12B50016EAAC /* Build configuration list for PBXNativeTarget "TabBaeTest" */;
			buildPhases = (
				75BF41DA2B8E12B30016EAAC /* Sources */,
				75BF41DB2B8E12B30016EAAC /* Frameworks */,
				75BF41DC2B8E12B30016EAAC /* Resources */,
			);
			buildRules = (
			);
			dependencies = (
			);
			name = TabBaeTest;
			productName = TabBaeTest;
			productReference = 75BF41DE2B8E12B30016EAAC /* TabBaeTest.app */;
			productType = "com.apple.product-type.application";
		};
/* End PBXNativeTarget section */

/* Begin PBXProject section */
		75BF41D62B8E12B30016EAAC /* Project object */ = {
			isa = PBXProject;
			attributes = {
				BuildIndependentTargetsInParallel = 1;
				LastSwiftUpdateCheck = 1430;
				LastUpgradeCheck = 1430;
				TargetAttributes = {
					75BF41DD2B8E12B30016EAAC = {
						CreatedOnToolsVersion = 14.3.1;
					};
				};
			};
			buildConfigurationList = 75BF41D92B8E12B30016EAAC /* Build configuration list for PBXProject "TabBaeTest" */;
			compatibilityVersion = "Xcode 14.0";
			developmentRegion = en;
			hasScannedForEncodings = 0;
			knownRegions = (
				en,
				Base,
			);
			mainGroup = 75BF41D52B8E12B30016EAAC;
			productRefGroup = 75BF41DF2B8E12B30016EAAC /* Products */;
			projectDirPath = "";
			projectRoot = "";
			targets = (
				75BF41DD2B8E12B30016EAAC /* TabBaeTest */,
			);
		};
/* End PBXProject section */

/* Begin PBXResourcesBuildPhase section */
		75BF41DC2B8E12B30016EAAC /* Resources */ = {
			isa = PBXResourcesBuildPhase;
			buildActionMask = 2147483647;
			files = (
				75BF41F82B8E137D0016EAAC /* ViewControllerTwo.xib in Resources */,
				75BF41EE2B8E12B50016EAAC /* LaunchScreen.storyboard in Resources */,
				75BF42002B8E13A60016EAAC /* TabBarController.xib in Resources */,
				75BF41EB2B8E12B50016EAAC /* Assets.xcassets in Resources */,
				75BF41FC2B8E13890016EAAC /* ViewControllerThree.xib in Resources */,
			);
			runOnlyForDeploymentPostprocessing = 0;
		};
/* End PBXResourcesBuildPhase section */

/* Begin PBXSourcesBuildPhase section */
		75BF41DA2B8E12B30016EAAC /* Sources */ = {
			isa = PBXSourcesBuildPhase;
			buildActionMask = 2147483647;
			files = (
				75BF41FB2B8E13890016EAAC /* ViewControllerThree.swift in Sources */,
				75BF41E62B8E12B30016EAAC /* ViewController.swift in Sources */,
				75BF41E22B8E12B30016EAAC /* AppDelegate.swift in Sources */,
				75BF41FF2B8E13A60016EAAC /* TabBarController.swift in Sources */,
				75BF41E42B8E12B30016EAAC /* SceneDelegate.swift in Sources */,
				75BF41F72B8E137D0016EAAC /* ViewControllerTwo.swift in Sources */,
			);
			runOnlyForDeploymentPostprocessing = 0;
		};
/* End PBXSourcesBuildPhase section */

/* Begin PBXVariantGroup section */
		75BF41EC2B8E12B50016EAAC /* LaunchScreen.storyboard */ = {
			isa = PBXVariantGroup;
			children = (
				75BF41ED2B8E12B50016EAAC /* Base */,
			);
			name = LaunchScreen.storyboard;
			sourceTree = "<group>";
		};
/* End PBXVariantGroup section */

/* Begin XCBuildConfiguration section */
		75BF41F02B8E12B50016EAAC /* Debug */ = {
			isa = XCBuildConfiguration;
			buildSettings = {
				ALWAYS_SEARCH_USER_PATHS = NO;
				CLANG_ANALYZER_NONNULL = YES;
				CLANG_ANALYZER_NUMBER_OBJECT_CONVERSION = YES_AGGRESSIVE;
				CLANG_CXX_LANGUAGE_STANDARD = "gnu++20";
				CLANG_ENABLE_MODULES = YES;
				CLANG_ENABLE_OBJC_ARC = YES;
				CLANG_ENABLE_OBJC_WEAK = YES;
				CLANG_WARN_BLOCK_CAPTURE_AUTORELEASING = YES;
				CLANG_WARN_BOOL_CONVERSION = YES;
				CLANG_WARN_COMMA = YES;
				CLANG_WARN_CONSTANT_CONVERSION = YES;
				CLANG_WARN_DEPRECATED_OBJC_IMPLEMENTATIONS = YES;
				CLANG_WARN_DIRECT_OBJC_ISA_USAGE = YES_ERROR;
				CLANG_WARN_DOCUMENTATION_COMMENTS = YES;
				CLANG_WARN_EMPTY_BODY = YES;
				CLANG_WARN_ENUM_CONVERSION = YES;
				CLANG_WARN_INFINITE_RECURSION = YES;
				CLANG_WARN_INT_CONVERSION = YES;
				CLANG_WARN_NON_LITERAL_NULL_CONVERSION = YES;
				CLANG_WARN_OBJC_IMPLICIT_RETAIN_SELF = YES;
				CLANG_WARN_OBJC_LITERAL_CONVERSION = YES;
				CLANG_WARN_OBJC_ROOT_CLASS = YES_ERROR;
				CLANG_WARN_QUOTED_INCLUDE_IN_FRAMEWORK_HEADER = YES;
				CLANG_WARN_RANGE_LOOP_ANALYSIS = YES;
				CLANG_WARN_STRICT_PROTOTYPES = YES;
				CLANG_WARN_SUSPICIOUS_MOVE = YES;
				CLANG_WARN_UNGUARDED_AVAILABILITY = YES_AGGRESSIVE;
				CLANG_WARN_UNREACHABLE_CODE = YES;
				CLANG_WARN__DUPLICATE_METHOD_MATCH = YES;
				COPY_PHASE_STRIP = NO;
				DEBUG_INFORMATION_FORMAT = dwarf;
				ENABLE_STRICT_OBJC_MSGSEND = YES;
				ENABLE_TESTABILITY = YES;
				GCC_C_LANGUAGE_STANDARD = gnu11;
				GCC_DYNAMIC_NO_PIC = NO;
				GCC_NO_COMMON_BLOCKS = YES;
				GCC_OPTIMIZATION_LEVEL = 0;
				GCC_PREPROCESSOR_DEFINITIONS = (
					"DEBUG=1",
					"$(inherited)",
				);
				GCC_WARN_64_TO_32_BIT_CONVERSION = YES;
				GCC_WARN_ABOUT_RETURN_TYPE = YES_ERROR;
				GCC_WARN_UNDECLARED_SELECTOR = YES;
				GCC_WARN_UNINITIALIZED_AUTOS = YES_AGGRESSIVE;
				GCC_WARN_UNUSED_FUNCTION = YES;
				GCC_WARN_UNUSED_VARIABLE = YES;
				IPHONEOS_DEPLOYMENT_TARGET = 16.4;
				MTL_ENABLE_DEBUG_INFO = INCLUDE_SOURCE;
				MTL_FAST_MATH = YES;
				ONLY_ACTIVE_ARCH = YES;
				SDKROOT = iphoneos;
				SWIFT_ACTIVE_COMPILATION_CONDITIONS = DEBUG;
				SWIFT_OPTIMIZATION_LEVEL = "-Onone";
			};
			name = Debug;
		};
		75BF41F12B8E12B50016EAAC /* Release */ = {
			isa = XCBuildConfiguration;
			buildSettings = {
				ALWAYS_SEARCH_USER_PATHS = NO;
				CLANG_ANALYZER_NONNULL = YES;
				CLANG_ANALYZER_NUMBER_OBJECT_CONVERSION = YES_AGGRESSIVE;
				CLANG_CXX_LANGUAGE_STANDARD = "gnu++20";
				CLANG_ENABLE_MODULES = YES;
				CLANG_ENABLE_OBJC_ARC = YES;
				CLANG_ENABLE_OBJC_WEAK = YES;
				CLANG_WARN_BLOCK_CAPTURE_AUTORELEASING = YES;
				CLANG_WARN_BOOL_CONVERSION = YES;
				CLANG_WARN_COMMA = YES;
				CLANG_WARN_CONSTANT_CONVERSION = YES;
				CLANG_WARN_DEPRECATED_OBJC_IMPLEMENTATIONS = YES;
				CLANG_WARN_DIRECT_OBJC_ISA_USAGE = YES_ERROR;
				CLANG_WARN_DOCUMENTATION_COMMENTS = YES;
				CLANG_WARN_EMPTY_BODY = YES;
				CLANG_WARN_ENUM_CONVERSION = YES;
				CLANG_WARN_INFINITE_RECURSION = YES;
				CLANG_WARN_INT_CONVERSION = YES;
				CLANG_WARN_NON_LITERAL_NULL_CONVERSION = YES;
				CLANG_WARN_OBJC_IMPLICIT_RETAIN_SELF = YES;
				CLANG_WARN_OBJC_LITERAL_CONVERSION = YES;
				CLANG_WARN_OBJC_ROOT_CLASS = YES_ERROR;
				CLANG_WARN_QUOTED_INCLUDE_IN_FRAMEWORK_HEADER = YES;
				CLANG_WARN_RANGE_LOOP_ANALYSIS = YES;
				CLANG_WARN_STRICT_PROTOTYPES = YES;
				CLANG_WARN_SUSPICIOUS_MOVE = YES;
				CLANG_WARN_UNGUARDED_AVAILABILITY = YES_AGGRESSIVE;
				CLANG_WARN_UNREACHABLE_CODE = YES;
				CLANG_WARN__DUPLICATE_METHOD_MATCH = YES;
				COPY_PHASE_STRIP = NO;
				DEBUG_INFORMATION_FORMAT = "dwarf-with-dsym";
				ENABLE_NS_ASSERTIONS = NO;
				ENABLE_STRICT_OBJC_MSGSEND = YES;
				GCC_C_LANGUAGE_STANDARD = gnu11;
				GCC_NO_COMMON_BLOCKS = YES;
				GCC_WARN_64_TO_32_BIT_CONVERSION = YES;
				GCC_WARN_ABOUT_RETURN_TYPE = YES_ERROR;
				GCC_WARN_UNDECLARED_SELECTOR = YES;
				GCC_WARN_UNINITIALIZED_AUTOS = YES_AGGRESSIVE;
				GCC_WARN_UNUSED_FUNCTION = YES;
				GCC_WARN_UNUSED_VARIABLE = YES;
				IPHONEOS_DEPLOYMENT_TARGET = 16.4;
				MTL_ENABLE_DEBUG_INFO = NO;
				MTL_FAST_MATH = YES;
				SDKROOT = iphoneos;
				SWIFT_COMPILATION_MODE = wholemodule;
				SWIFT_OPTIMIZATION_LEVEL = "-O";
				VALIDATE_PRODUCT = YES;
			};
			name = Release;
		};
		75BF41F32B8E12B50016EAAC /* Debug */ = {
			isa = XCBuildConfiguration;
			buildSettings = {
				ASSETCATALOG_COMPILER_APPICON_NAME = AppIcon;
				ASSETCATALOG_COMPILER_GLOBAL_ACCENT_COLOR_NAME = AccentColor;
				CODE_SIGN_STYLE = Automatic;
				CURRENT_PROJECT_VERSION = 1;
				DEVELOPMENT_TEAM = RBVUFB3256;
				GENERATE_INFOPLIST_FILE = YES;
				INFOPLIST_FILE = TabBaeTest/Info.plist;
				INFOPLIST_KEY_UIApplicationSupportsIndirectInputEvents = YES;
				INFOPLIST_KEY_UILaunchStoryboardName = LaunchScreen;
				INFOPLIST_KEY_UISupportedInterfaceOrientations_iPad = "UIInterfaceOrientationPortrait UIInterfaceOrientationPortraitUpsideDown UIInterfaceOrientationLandscapeLeft UIInterfaceOrientationLandscapeRight";
				INFOPLIST_KEY_UISupportedInterfaceOrientations_iPhone = "UIInterfaceOrientationPortrait UIInterfaceOrientationLandscapeLeft UIInterfaceOrientationLandscapeRight";
				LD_RUNPATH_SEARCH_PATHS = (
					"$(inherited)",
					"@executable_path/Frameworks",
				);
				MARKETING_VERSION = 1.0;
				PRODUCT_BUNDLE_IDENTIFIER = artur.akulich.TabBaeTest;
				PRODUCT_NAME = "$(TARGET_NAME)";
				SWIFT_EMIT_LOC_STRINGS = YES;
				SWIFT_VERSION = 5.0;
				TARGETED_DEVICE_FAMILY = "1,2";
			};
			name = Debug;
		};
		75BF41F42B8E12B50016EAAC /* Release */ = {
			isa = XCBuildConfiguration;
			buildSettings = {
				ASSETCATALOG_COMPILER_APPICON_NAME = AppIcon;
				ASSETCATALOG_COMPILER_GLOBAL_ACCENT_COLOR_NAME = AccentColor;
				CODE_SIGN_STYLE = Automatic;
				CURRENT_PROJECT_VERSION = 1;
				DEVELOPMENT_TEAM = RBVUFB3256;
				GENERATE_INFOPLIST_FILE = YES;
				INFOPLIST_FILE = TabBaeTest/Info.plist;
				INFOPLIST_KEY_UIApplicationSupportsIndirectInputEvents = YES;
				INFOPLIST_KEY_UILaunchStoryboardName = LaunchScreen;
				INFOPLIST_KEY_UISupportedInterfaceOrientations_iPad = "UIInterfaceOrientationPortrait UIInterfaceOrientationPortraitUpsideDown UIInterfaceOrientationLandscapeLeft UIInterfaceOrientationLandscapeRight";
				INFOPLIST_KEY_UISupportedInterfaceOrientations_iPhone = "UIInterfaceOrientationPortrait UIInterfaceOrientationLandscapeLeft UIInterfaceOrientationLandscapeRight";
				LD_RUNPATH_SEARCH_PATHS = (
					"$(inherited)",
					"@executable_path/Frameworks",
				);
				MARKETING_VERSION = 1.0;
				PRODUCT_BUNDLE_IDENTIFIER = artur.akulich.TabBaeTest;
				PRODUCT_NAME = "$(TARGET_NAME)";
				SWIFT_EMIT_LOC_STRINGS = YES;
				SWIFT_VERSION = 5.0;
				TARGETED_DEVICE_FAMILY = "1,2";
			};
			name = Release;
		};
/* End XCBuildConfiguration section */

/* Begin XCConfigurationList section */
		75BF41D92B8E12B30016EAAC /* Build configuration list for PBXProject "TabBaeTest" */ = {
			isa = XCConfigurationList;
			buildConfigurations = (
				75BF41F02B8E12B50016EAAC /* Debug */,
				75BF41F12B8E12B50016EAAC /* Release */,
			);
			defaultConfigurationIsVisible = 0;
			defaultConfigurationName = Release;
		};
		75BF41F22B8E12B50016EAAC /* Build configuration list for PBXNativeTarget "TabBaeTest" */ = {
			isa = XCConfigurationList;
			buildConfigurations = (
				75BF41F32B8E12B50016EAAC /* Debug */,
				75BF41F42B8E12B50016EAAC /* Release */,
			);
			defaultConfigurationIsVisible = 0;
			defaultConfigurationName = Release;
		};
/* End XCConfigurationList section */
	};
	rootObject = 75BF41D62B8E12B30016EAAC /* Project object */;
}
